
Microsoft Visual Studio Solution File, Format Version 12.00
# Visual Studio Version 16
VisualStudioVersion = 16.0.30002.166
MinimumVisualStudioVersion = 10.0.40219.1
Project("{FAE04EC0-301F-11D3-BF4B-00C04F79EFBC}") = "OOP", "OOP\OOP.csproj", "{5E246B06-F3E4-4BC2-93A8-E27A8D5CA0B3}"
EndProject
Global
	GlobalSection(SolutionConfigurationPlatforms) = preSolution
		Debug|Any CPU = Debug|Any CPU
		Release|Any CPU = Release|Any CPU
	EndGlobalSection
	GlobalSection(ProjectConfigurationPlatforms) = postSolution
		{5E246B06-F3E4-4BC2-93A8-E27A8D5CA0B3}.Debug|Any CPU.ActiveCfg = Debug|Any CPU
		{5E246B06-F3E4-4BC2-93A8-E27A8D5CA0B3}.Debug|Any CPU.Build.0 = Debug|Any CPU
		{5E246B06-F3E4-4BC2-93A8-E27A8D5CA0B3}.Release|Any CPU.ActiveCfg = Release|Any CPU
		{5E246B06-F3E4-4BC2-93A8-E27A8D5CA0B3}.Release|Any CPU.Build.0 = Release|Any CPU
	EndGlobalSection
	GlobalSection(SolutionProperties) = preSolution
		HideSolutionNode = FALSE
	EndGlobalSection
	GlobalSection(ExtensibilityGlobals) = postSolution
		SolutionGuid = {5E29501E-8E0B-44DC-BB06-56111E78291A}
	EndGlobalSection
EndGlobal
